
Microsoft Visual Studio Solution File, Format Version 12.00
# Visual Studio 15
VisualStudioVersion = 15.0.28307.705
MinimumVisualStudioVersion = 10.0.40219.1
Project("{FAE04EC0-301F-11D3-BF4B-00C04F79EFBC}") = "StudentApplicationSystem", "StudentApplicationSystem\StudentApplicationSystem.csproj", "{3ED5FD84-1513-4C92-8002-1416C75E0203}"
EndProject
Project("{00D1A9C2-B5F0-4AF3-8072-F6C62B433612}") = "StudentApplicationSystemDB", "..\StudentApplicationSystemDB\StudentApplicationSystemDB\StudentApplicationSystemDB.sqlproj", "{EDD67D52-33D1-4F9C-8C31-EFC9297C9F36}"
EndProject
Global
	GlobalSection(SolutionConfigurationPlatforms) = preSolution
		Debug|Any CPU = Debug|Any CPU
		Release|Any CPU = Release|Any CPU
	EndGlobalSection
	GlobalSection(ProjectConfigurationPlatforms) = postSolution
		{3ED5FD84-1513-4C92-8002-1416C75E0203}.Debug|Any CPU.ActiveCfg = Debug|Any CPU
		{3ED5FD84-1513-4C92-8002-1416C75E0203}.Debug|Any CPU.Build.0 = Debug|Any CPU
		{3ED5FD84-1513-4C92-8002-1416C75E0203}.Release|Any CPU.ActiveCfg = Release|Any CPU
		{3ED5FD84-1513-4C92-8002-1416C75E0203}.Release|Any CPU.Build.0 = Release|Any CPU
		{EDD67D52-33D1-4F9C-8C31-EFC9297C9F36}.Debug|Any CPU.ActiveCfg = Debug|Any CPU
		{EDD67D52-33D1-4F9C-8C31-EFC9297C9F36}.Debug|Any CPU.Build.0 = Debug|Any CPU
		{EDD67D52-33D1-4F9C-8C31-EFC9297C9F36}.Debug|Any CPU.Deploy.0 = Debug|Any CPU
		{EDD67D52-33D1-4F9C-8C31-EFC9297C9F36}.Release|Any CPU.ActiveCfg = Release|Any CPU
		{EDD67D52-33D1-4F9C-8C31-EFC9297C9F36}.Release|Any CPU.Build.0 = Release|Any CPU
		{EDD67D52-33D1-4F9C-8C31-EFC9297C9F36}.Release|Any CPU.Deploy.0 = Release|Any CPU
	EndGlobalSection
	GlobalSection(SolutionProperties) = preSolution
		HideSolutionNode = FALSE
	EndGlobalSection
	GlobalSection(ExtensibilityGlobals) = postSolution
		SolutionGuid = {1702102A-D8C8-4606-A58A-02CA342A6C0C}
	EndGlobalSection
EndGlobal
